
Microsoft Visual Studio Solution File, Format Version 12.00
# Visual Studio Version 17
VisualStudioVersion = 17.14.36623.8 d17.14
MinimumVisualStudioVersion = 10.0.40219.1
Project("{FAE04EC0-301F-11D3-BF4B-00C04F79EFBC}") = "ContentAwareImageResizing", "ContentAwareImageResizing\ContentAwareImageResizing.csproj", "{272DBAC4-3B0E-4B03-9F37-5E3B4E163981}"
EndProject
Global
	GlobalSection(SolutionConfigurationPlatforms) = preSolution
		Debug|Any CPU = Debug|Any CPU
		Release|Any CPU = Release|Any CPU
	EndGlobalSection
	GlobalSection(ProjectConfigurationPlatforms) = postSolution
		{272DBAC4-3B0E-4B03-9F37-5E3B4E163981}.Debug|Any CPU.ActiveCfg = Debug|Any CPU
		{272DBAC4-3B0E-4B03-9F37-5E3B4E163981}.Debug|Any CPU.Build.0 = Debug|Any CPU
		{272DBAC4-3B0E-4B03-9F37-5E3B4E163981}.Release|Any CPU.ActiveCfg = Release|Any CPU
		{272DBAC4-3B0E-4B03-9F37-5E3B4E163981}.Release|Any CPU.Build.0 = Release|Any CPU
	EndGlobalSection
	GlobalSection(SolutionProperties) = preSolution
		HideSolutionNode = FALSE
	EndGlobalSection
	GlobalSection(ExtensibilityGlobals) = postSolution
		SolutionGuid = {C616EA5D-4FD8-47CF-B4C3-1DE272D39F2D}
	EndGlobalSection
EndGlobal
